
Microsoft Visual Studio Solution File, Format Version 12.00
# Visual Studio Version 16
VisualStudioVersion = 16.0.30002.166
MinimumVisualStudioVersion = 10.0.40219.1
Project("{FAE04EC0-301F-11D3-BF4B-00C04F79EFBC}") = "C971WGU.Android", "C971WGU\C971WGU.Android\C971WGU.Android.csproj", "{439F6455-FBFE-4FF3-9D01-F4920F3EABA1}"
EndProject
Project("{FAE04EC0-301F-11D3-BF4B-00C04F79EFBC}") = "C971WGU", "C971WGU\C971WGU\C971WGU.csproj", "{625BE842-6C64-486F-9900-DC9BF99FA04E}"
EndProject
Global
	GlobalSection(SolutionConfigurationPlatforms) = preSolution
		Debug|Any CPU = Debug|Any CPU
		Release|Any CPU = Release|Any CPU
	EndGlobalSection
	GlobalSection(ProjectConfigurationPlatforms) = postSolution
		{439F6455-FBFE-4FF3-9D01-F4920F3EABA1}.Debug|Any CPU.ActiveCfg = Debug|Any CPU
		{439F6455-FBFE-4FF3-9D01-F4920F3EABA1}.Debug|Any CPU.Build.0 = Debug|Any CPU
		{439F6455-FBFE-4FF3-9D01-F4920F3EABA1}.Debug|Any CPU.Deploy.0 = Debug|Any CPU
		{439F6455-FBFE-4FF3-9D01-F4920F3EABA1}.Release|Any CPU.ActiveCfg = Release|Any CPU
		{439F6455-FBFE-4FF3-9D01-F4920F3EABA1}.Release|Any CPU.Build.0 = Release|Any CPU
		{439F6455-FBFE-4FF3-9D01-F4920F3EABA1}.Release|Any CPU.Deploy.0 = Release|Any CPU
		{625BE842-6C64-486F-9900-DC9BF99FA04E}.Debug|Any CPU.ActiveCfg = Debug|Any CPU
		{625BE842-6C64-486F-9900-DC9BF99FA04E}.Debug|Any CPU.Build.0 = Debug|Any CPU
		{625BE842-6C64-486F-9900-DC9BF99FA04E}.Debug|Any CPU.Deploy.0 = Debug|Any CPU
		{625BE842-6C64-486F-9900-DC9BF99FA04E}.Release|Any CPU.ActiveCfg = Release|Any CPU
		{625BE842-6C64-486F-9900-DC9BF99FA04E}.Release|Any CPU.Build.0 = Release|Any CPU
		{625BE842-6C64-486F-9900-DC9BF99FA04E}.Release|Any CPU.Deploy.0 = Release|Any CPU
	EndGlobalSection
	GlobalSection(SolutionProperties) = preSolution
		HideSolutionNode = FALSE
	EndGlobalSection
	GlobalSection(ExtensibilityGlobals) = postSolution
		SolutionGuid = {7FECBC57-8FD2-412C-801A-4FEDF9934EA2}
	EndGlobalSection
EndGlobal
